Microsoft Visual Studio Solution File, Format Version 8.00
Project("{8BC9CEB8-8B4A-11D0-8D11-00A0C91BC942}") = "MFC-ZahlenHai", "MFC-ZahlenHai.vcproj", "{67EF14F1-A4D3-4DCE-9356-333CDC1C0E43}"
	ProjectSection(ProjectDependencies) = postProject
	EndProjectSection
EndProject
Project("{8BC9CEB8-8B4A-11D0-8D11-00A0C91BC942}") = "sharkHelp_de", "sharkHelp_de\sharkHelp_de.vcproj", "{13F98398-B0A6-4F32-82D9-9C4F24A0C07A}"
	ProjectSection(ProjectDependencies) = postProject
	EndProjectSection
EndProject
Project("{8BC9CEB8-8B4A-11D0-8D11-00A0C91BC942}") = "sharkHelp_en", "sharkHelp_en\sharkHelp_en.vcproj", "{068B2C5B-4AA8-459C-B0B9-0B0EE768B793}"
	ProjectSection(ProjectDependencies) = postProject
	EndProjectSection
EndProject
Project("{8BC9CEB8-8B4A-11D0-8D11-00A0C91BC942}") = "sharkHelp_pl", "sharkHelp_pl\sharkHelp_pl.vcproj", "{068B2C5B-4AA8-459C-B0B9-0B0EE768B793}"
	ProjectSection(ProjectDependencies) = postProject
	EndProjectSection
EndProject
Global
	GlobalSection(SolutionConfiguration) = preSolution
		Debug = Debug
		Debug_de = Debug_de
		Debug_en = Debug_en
		Debug_pl = Debug_pl
		Release = Release
		Release_de = Release_de
		Release_en = Release_en
		Release_pl = Release_pl
	EndGlobalSection
	GlobalSection(ProjectConfiguration) = postSolution
		{67EF14F1-A4D3-4DCE-9356-333CDC1C0E43}.Debug.ActiveCfg = Debug|Win32
		{67EF14F1-A4D3-4DCE-9356-333CDC1C0E43}.Debug.Build.0 = Debug|Win32
		{67EF14F1-A4D3-4DCE-9356-333CDC1C0E43}.Debug_de.ActiveCfg = Debug_de|Win32
		{67EF14F1-A4D3-4DCE-9356-333CDC1C0E43}.Debug_de.Build.0 = Debug_de|Win32
		{67EF14F1-A4D3-4DCE-9356-333CDC1C0E43}.Debug_en.ActiveCfg = Debug_en|Win32
		{67EF14F1-A4D3-4DCE-9356-333CDC1C0E43}.Debug_en.Build.0 = Debug_en|Win32
		{67EF14F1-A4D3-4DCE-9356-333CDC1C0E43}.Debug_pl.ActiveCfg = Debug_de|Win32
		{67EF14F1-A4D3-4DCE-9356-333CDC1C0E43}.Debug_pl.Build.0 = Debug_de|Win32
		{67EF14F1-A4D3-4DCE-9356-333CDC1C0E43}.Release.ActiveCfg = Release_pl|Win32
		{67EF14F1-A4D3-4DCE-9356-333CDC1C0E43}.Release.Build.0 = Release_pl|Win32
		{67EF14F1-A4D3-4DCE-9356-333CDC1C0E43}.Release_de.ActiveCfg = Release_de|Win32
		{67EF14F1-A4D3-4DCE-9356-333CDC1C0E43}.Release_de.Build.0 = Release_de|Win32
		{67EF14F1-A4D3-4DCE-9356-333CDC1C0E43}.Release_en.ActiveCfg = Release_en|Win32
		{67EF14F1-A4D3-4DCE-9356-333CDC1C0E43}.Release_en.Build.0 = Release_en|Win32
		{67EF14F1-A4D3-4DCE-9356-333CDC1C0E43}.Release_pl.ActiveCfg = Release_pl|Win32
		{67EF14F1-A4D3-4DCE-9356-333CDC1C0E43}.Release_pl.Build.0 = Release_pl|Win32
		{13F98398-B0A6-4F32-82D9-9C4F24A0C07A}.Debug.ActiveCfg = Debug|Win32
		{13F98398-B0A6-4F32-82D9-9C4F24A0C07A}.Debug.Build.0 = Debug|Win32
		{13F98398-B0A6-4F32-82D9-9C4F24A0C07A}.Debug_de.ActiveCfg = Debug|Win32
		{13F98398-B0A6-4F32-82D9-9C4F24A0C07A}.Debug_de.Build.0 = Debug|Win32
		{13F98398-B0A6-4F32-82D9-9C4F24A0C07A}.Debug_en.ActiveCfg = Debug|Win32
		{13F98398-B0A6-4F32-82D9-9C4F24A0C07A}.Debug_en.Build.0 = Debug|Win32
		{13F98398-B0A6-4F32-82D9-9C4F24A0C07A}.Debug_pl.ActiveCfg = Debug_de|Win32
		{13F98398-B0A6-4F32-82D9-9C4F24A0C07A}.Debug_pl.Build.0 = Debug_de|Win32
		{13F98398-B0A6-4F32-82D9-9C4F24A0C07A}.Release.ActiveCfg = Release_pl|Win32
		{13F98398-B0A6-4F32-82D9-9C4F24A0C07A}.Release.Build.0 = Release_pl|Win32
		{13F98398-B0A6-4F32-82D9-9C4F24A0C07A}.Release_de.ActiveCfg = Release_de|Win32
		{13F98398-B0A6-4F32-82D9-9C4F24A0C07A}.Release_de.Build.0 = Release_de|Win32
		{13F98398-B0A6-4F32-82D9-9C4F24A0C07A}.Release_en.ActiveCfg = Release_pl|Win32
		{13F98398-B0A6-4F32-82D9-9C4F24A0C07A}.Release_pl.ActiveCfg = Release_pl|Win32
		{068B2C5B-4AA8-459C-B0B9-0B0EE768B793}.Debug.ActiveCfg = Debug|Win32
		{068B2C5B-4AA8-459C-B0B9-0B0EE768B793}.Debug.Build.0 = Debug|Win32
		{068B2C5B-4AA8-459C-B0B9-0B0EE768B793}.Debug_de.ActiveCfg = Debug|Win32
		{068B2C5B-4AA8-459C-B0B9-0B0EE768B793}.Debug_de.Build.0 = Debug|Win32
		{068B2C5B-4AA8-459C-B0B9-0B0EE768B793}.Debug_en.ActiveCfg = Debug|Win32
		{068B2C5B-4AA8-459C-B0B9-0B0EE768B793}.Debug_en.Build.0 = Debug|Win32
		{068B2C5B-4AA8-459C-B0B9-0B0EE768B793}.Debug_pl.ActiveCfg = Debug_en|Win32
		{068B2C5B-4AA8-459C-B0B9-0B0EE768B793}.Debug_pl.Build.0 = Debug_en|Win32
		{068B2C5B-4AA8-459C-B0B9-0B0EE768B793}.Release.ActiveCfg = Release|Win32
		{068B2C5B-4AA8-459C-B0B9-0B0EE768B793}.Release.Build.0 = Release|Win32
		{068B2C5B-4AA8-459C-B0B9-0B0EE768B793}.Release_de.ActiveCfg = Release_en|Win32
		{068B2C5B-4AA8-459C-B0B9-0B0EE768B793}.Release_en.ActiveCfg = Release|Win32
		{068B2C5B-4AA8-459C-B0B9-0B0EE768B793}.Release_en.Build.0 = Release|Win32
		{068B2C5B-4AA8-459C-B0B9-0B0EE768B793}.Release_pl.ActiveCfg = Release_pl|Win32
		{068B2C5B-4AA8-459C-B0B9-0B0EE768B793}.Release_pl.Build.0 = Release_pl|Win32
		{068B2C5B-4AA8-459C-B0B9-0B0EE768B793}.Debug.ActiveCfg = Debug|Win32
		{068B2C5B-4AA8-459C-B0B9-0B0EE768B793}.Debug.Build.0 = Debug|Win32
		{068B2C5B-4AA8-459C-B0B9-0B0EE768B793}.Debug_de.ActiveCfg = Debug|Win32
		{068B2C5B-4AA8-459C-B0B9-0B0EE768B793}.Debug_de.Build.0 = Debug|Win32
		{068B2C5B-4AA8-459C-B0B9-0B0EE768B793}.Debug_en.ActiveCfg = Debug|Win32
		{068B2C5B-4AA8-459C-B0B9-0B0EE768B793}.Debug_en.Build.0 = Debug|Win32
		{068B2C5B-4AA8-459C-B0B9-0B0EE768B793}.Debug_pl.ActiveCfg = Debug_en|Win32
		{068B2C5B-4AA8-459C-B0B9-0B0EE768B793}.Debug_pl.Build.0 = Debug_en|Win32
		{068B2C5B-4AA8-459C-B0B9-0B0EE768B793}.Release.ActiveCfg = Release|Win32
		{068B2C5B-4AA8-459C-B0B9-0B0EE768B793}.Release.Build.0 = Release|Win32
		{068B2C5B-4AA8-459C-B0B9-0B0EE768B793}.Release_de.ActiveCfg = Release_en|Win32
		{068B2C5B-4AA8-459C-B0B9-0B0EE768B793}.Release_en.ActiveCfg = Release|Win32
		{068B2C5B-4AA8-459C-B0B9-0B0EE768B793}.Release_en.Build.0 = Release|Win32
		{068B2C5B-4AA8-459C-B0B9-0B0EE768B793}.Release_pl.ActiveCfg = Release|Win32
		{068B2C5B-4AA8-459C-B0B9-0B0EE768B793}.Release_pl.Build.0 = Release|Win32
	EndGlobalSection
	GlobalSection(ExtensibilityGlobals) = postSolution
	EndGlobalSection
	GlobalSection(ExtensibilityAddIns) = postSolution
	EndGlobalSection
EndGlobal
