Microsoft Visual Studio Solution File, Format Version 10.00
# Visual Studio 2008
Project("{8BC9CEB8-8B4A-11D0-8D11-00A0C91BC942}") = "LibAnalyse", "..\LibAnalyse\LibAnalyse.vcproj", "{8C1D5DE7-80B6-4510-BB64-9F271F0E3C37}"
EndProject
Project("{8BC9CEB8-8B4A-11D0-8D11-00A0C91BC942}") = "LibEc", "..\libec\LibEc.vcproj", "{5EAE4FD1-DCD7-4CE8-A988-1700249BBF04}"
EndProject
Project("{8BC9CEB8-8B4A-11D0-8D11-00A0C91BC942}") = "LibMiracl", "..\LibMiracl\LibMiracl.vcproj", "{F286CFE4-BAB4-4D08-81B0-7CBB555E728E}"
EndProject
Project("{8BC9CEB8-8B4A-11D0-8D11-00A0C91BC942}") = "aestool", "..\aestool\aestool.vcproj", "{3259C909-87A3-4DF2-9C47-F71417DCC0CB}"
EndProject
Project("{8BC9CEB8-8B4A-11D0-8D11-00A0C91BC942}") = "CrypTool", "CrypTool.vcproj", "{69DC472B-0478-4027-B331-B85CF457392E}"
	ProjectSection(ProjectDependencies) = postProject
		{3259C909-87A3-4DF2-9C47-F71417DCC0CB} = {3259C909-87A3-4DF2-9C47-F71417DCC0CB}
		{3D9B8B0A-2A43-47C5-B553-09BB3D74FDFC} = {3D9B8B0A-2A43-47C5-B553-09BB3D74FDFC}
		{18E87C14-7876-411D-A281-BC03C19D72AC} = {18E87C14-7876-411D-A281-BC03C19D72AC}
		{3FBC961E-3CA4-486F-A2D8-1B3A025C0C51} = {3FBC961E-3CA4-486F-A2D8-1B3A025C0C51}
		{068B2C5B-4AA8-459C-B0B9-0B0EE768B793} = {068B2C5B-4AA8-459C-B0B9-0B0EE768B793}
		{068B2C5B-4AA8-459C-B0B9-0B0EE768B793} = {068B2C5B-4AA8-459C-B0B9-0B0EE768B793}
		{D11F006A-BAEF-43B8-8EF6-FED5021E17F2} = {D11F006A-BAEF-43B8-8EF6-FED5021E17F2}
		{B835E875-5E34-46B9-B507-D0462C92D87A} = {B835E875-5E34-46B9-B507-D0462C92D87A}
		{13F98398-B0A6-4F32-82D9-9C4F24A0C07A} = {13F98398-B0A6-4F32-82D9-9C4F24A0C07A}
		{F5A78D9A-7832-4A48-886E-F0A76C9D3070} = {F5A78D9A-7832-4A48-886E-F0A76C9D3070}
		{5EAE4FD1-DCD7-4CE8-A988-1700249BBF04} = {5EAE4FD1-DCD7-4CE8-A988-1700249BBF04}
		{5109DBD7-DF03-4FEF-8971-5AC549092753} = {5109DBD7-DF03-4FEF-8971-5AC549092753}
		{8AEF12E1-80BC-47BD-9091-B407D0656AFB} = {8AEF12E1-80BC-47BD-9091-B407D0656AFB}
		{F286CFE4-BAB4-4D08-81B0-7CBB555E728E} = {F286CFE4-BAB4-4D08-81B0-7CBB555E728E}
		{8C1D5DE7-80B6-4510-BB64-9F271F0E3C37} = {8C1D5DE7-80B6-4510-BB64-9F271F0E3C37}
		{9CED13EA-5C57-4CF0-AE58-AB590D533AD8} = {9CED13EA-5C57-4CF0-AE58-AB590D533AD8}
		{67EF14F1-A4D3-4DCE-9356-333CDC1C0E43} = {67EF14F1-A4D3-4DCE-9356-333CDC1C0E43}
	EndProjectSection
EndProject
Project("{8BC9CEB8-8B4A-11D0-8D11-00A0C91BC942}") = "hlp_de", "hlp_de\hlp_de.vcproj", "{B835E875-5E34-46B9-B507-D0462C92D87A}"
EndProject
Project("{8BC9CEB8-8B4A-11D0-8D11-00A0C91BC942}") = "hlp_en", "hlp_en\hlp_en.vcproj", "{9CED13EA-5C57-4CF0-AE58-AB590D533AD8}"
EndProject
Project("{8BC9CEB8-8B4A-11D0-8D11-00A0C91BC942}") = "libNTL", "..\libNTL\libNTL.vcproj", "{D11F006A-BAEF-43B8-8EF6-FED5021E17F2}"
EndProject
Project("{8BC9CEB8-8B4A-11D0-8D11-00A0C91BC942}") = "gmp", "..\libgmp\gmp.vcproj", "{18E87C14-7876-411D-A281-BC03C19D72AC}"
EndProject
Project("{8BC9CEB8-8B4A-11D0-8D11-00A0C91BC942}") = "sharkHelp_de", "..\NumberShark\sharkHelp_de\sharkHelp_de.vcproj", "{13F98398-B0A6-4F32-82D9-9C4F24A0C07A}"
EndProject
Project("{8BC9CEB8-8B4A-11D0-8D11-00A0C91BC942}") = "sharkHelp_en", "..\NumberShark\sharkHelp_en\sharkHelp_en.vcproj", "{068B2C5B-4AA8-459C-B0B9-0B0EE768B793}"
EndProject
Project("{8BC9CEB8-8B4A-11D0-8D11-00A0C91BC942}") = "hlp_pl", "hlp_pl\hlp_pl.vcproj", "{3D9B8B0A-2A43-47C5-B553-09BB3D74FDFC}"
EndProject
Project("{8BC9CEB8-8B4A-11D0-8D11-00A0C91BC942}") = "MFC-ZahlenHai", "..\NumberShark\MFC-ZahlenHai.vcproj", "{67EF14F1-A4D3-4DCE-9356-333CDC1C0E43}"
	ProjectSection(ProjectDependencies) = postProject
		{068B2C5B-4AA8-459C-B0B9-0B0EE768B793} = {068B2C5B-4AA8-459C-B0B9-0B0EE768B793}
		{068B2C5B-4AA8-459C-B0B9-0B0EE768B793} = {068B2C5B-4AA8-459C-B0B9-0B0EE768B793}
		{13F98398-B0A6-4F32-82D9-9C4F24A0C07A} = {13F98398-B0A6-4F32-82D9-9C4F24A0C07A}
		{F5A78D9A-7832-4A48-886E-F0A76C9D3070} = {F5A78D9A-7832-4A48-886E-F0A76C9D3070}
		{5109DBD7-DF03-4FEF-8971-5AC549092753} = {5109DBD7-DF03-4FEF-8971-5AC549092753}
	EndProjectSection
EndProject
Project("{8BC9CEB8-8B4A-11D0-8D11-00A0C91BC942}") = "sharkHelp_pl", "..\NumberShark\sharkHelp_pl\sharkHelp_pl.vcproj", "{5109DBD7-DF03-4FEF-8971-5AC549092753}"
EndProject
Project("{8BC9CEB8-8B4A-11D0-8D11-00A0C91BC942}") = "cracklib_Win32", "..\cracklib-2.7\cracklib_Win32\cracklib_Win32.vcproj", "{8AEF12E1-80BC-47BD-9091-B407D0656AFB}"
EndProject
Project("{8BC9CEB8-8B4A-11D0-8D11-00A0C91BC942}") = "hlp_rs", "hlp_rs\hlp_rs.vcproj", "{3FBC961E-3CA4-486F-A2D8-1B3A025C0C51}"
EndProject
Project("{8BC9CEB8-8B4A-11D0-8D11-00A0C91BC942}") = "sharkHelp_rs", "..\NumberShark\sharkHelp_rs\sharkHelp_rs.vcproj", "{F5A78D9A-7832-4A48-886E-F0A76C9D3070}"
EndProject
Global
	GlobalSection(SolutionConfigurationPlatforms) = preSolution
		Debug_de|Win32 = Debug_de|Win32
		Debug_en|Win32 = Debug_en|Win32
		Debug_es|Win32 = Debug_es|Win32
		Debug_pl|Win32 = Debug_pl|Win32
		Debug_rs|Win32 = Debug_rs|Win32
		Debug|Win32 = Debug|Win32
		Release_de|Win32 = Release_de|Win32
		Release_en|Win32 = Release_en|Win32
		Release_es|Win32 = Release_es|Win32
		Release_pl|Win32 = Release_pl|Win32
		Release_rs|Win32 = Release_rs|Win32
		Release|Win32 = Release|Win32
	EndGlobalSection
	GlobalSection(ProjectConfigurationPlatforms) = postSolution
		{8C1D5DE7-80B6-4510-BB64-9F271F0E3C37}.Debug_de|Win32.ActiveCfg = Debug|Win32
		{8C1D5DE7-80B6-4510-BB64-9F271F0E3C37}.Debug_de|Win32.Build.0 = Debug|Win32
		{8C1D5DE7-80B6-4510-BB64-9F271F0E3C37}.Debug_en|Win32.ActiveCfg = Debug|Win32
		{8C1D5DE7-80B6-4510-BB64-9F271F0E3C37}.Debug_en|Win32.Build.0 = Debug|Win32
		{8C1D5DE7-80B6-4510-BB64-9F271F0E3C37}.Debug_es|Win32.ActiveCfg = Debug|Win32
		{8C1D5DE7-80B6-4510-BB64-9F271F0E3C37}.Debug_es|Win32.Build.0 = Debug|Win32
		{8C1D5DE7-80B6-4510-BB64-9F271F0E3C37}.Debug_pl|Win32.ActiveCfg = Debug|Win32
		{8C1D5DE7-80B6-4510-BB64-9F271F0E3C37}.Debug_pl|Win32.Build.0 = Debug|Win32
		{8C1D5DE7-80B6-4510-BB64-9F271F0E3C37}.Debug_rs|Win32.ActiveCfg = Debug|Win32
		{8C1D5DE7-80B6-4510-BB64-9F271F0E3C37}.Debug_rs|Win32.Build.0 = Debug|Win32
		{8C1D5DE7-80B6-4510-BB64-9F271F0E3C37}.Debug|Win32.ActiveCfg = Debug|Win32
		{8C1D5DE7-80B6-4510-BB64-9F271F0E3C37}.Debug|Win32.Build.0 = Debug|Win32
		{8C1D5DE7-80B6-4510-BB64-9F271F0E3C37}.Release_de|Win32.ActiveCfg = Release|Win32
		{8C1D5DE7-80B6-4510-BB64-9F271F0E3C37}.Release_de|Win32.Build.0 = Release|Win32
		{8C1D5DE7-80B6-4510-BB64-9F271F0E3C37}.Release_en|Win32.ActiveCfg = Release|Win32
		{8C1D5DE7-80B6-4510-BB64-9F271F0E3C37}.Release_en|Win32.Build.0 = Release|Win32
		{8C1D5DE7-80B6-4510-BB64-9F271F0E3C37}.Release_es|Win32.ActiveCfg = Release|Win32
		{8C1D5DE7-80B6-4510-BB64-9F271F0E3C37}.Release_es|Win32.Build.0 = Release|Win32
		{8C1D5DE7-80B6-4510-BB64-9F271F0E3C37}.Release_pl|Win32.ActiveCfg = Release|Win32
		{8C1D5DE7-80B6-4510-BB64-9F271F0E3C37}.Release_pl|Win32.Build.0 = Release|Win32
		{8C1D5DE7-80B6-4510-BB64-9F271F0E3C37}.Release_rs|Win32.ActiveCfg = Release|Win32
		{8C1D5DE7-80B6-4510-BB64-9F271F0E3C37}.Release_rs|Win32.Build.0 = Release|Win32
		{8C1D5DE7-80B6-4510-BB64-9F271F0E3C37}.Release|Win32.ActiveCfg = Release|Win32
		{8C1D5DE7-80B6-4510-BB64-9F271F0E3C37}.Release|Win32.Build.0 = Release|Win32
		{5EAE4FD1-DCD7-4CE8-A988-1700249BBF04}.Debug_de|Win32.ActiveCfg = Debug|Win32
		{5EAE4FD1-DCD7-4CE8-A988-1700249BBF04}.Debug_de|Win32.Build.0 = Debug|Win32
		{5EAE4FD1-DCD7-4CE8-A988-1700249BBF04}.Debug_en|Win32.ActiveCfg = Debug|Win32
		{5EAE4FD1-DCD7-4CE8-A988-1700249BBF04}.Debug_en|Win32.Build.0 = Debug|Win32
		{5EAE4FD1-DCD7-4CE8-A988-1700249BBF04}.Debug_es|Win32.ActiveCfg = Debug|Win32
		{5EAE4FD1-DCD7-4CE8-A988-1700249BBF04}.Debug_es|Win32.Build.0 = Debug|Win32
		{5EAE4FD1-DCD7-4CE8-A988-1700249BBF04}.Debug_pl|Win32.ActiveCfg = Debug|Win32
		{5EAE4FD1-DCD7-4CE8-A988-1700249BBF04}.Debug_pl|Win32.Build.0 = Debug|Win32
		{5EAE4FD1-DCD7-4CE8-A988-1700249BBF04}.Debug_rs|Win32.ActiveCfg = Debug|Win32
		{5EAE4FD1-DCD7-4CE8-A988-1700249BBF04}.Debug_rs|Win32.Build.0 = Debug|Win32
		{5EAE4FD1-DCD7-4CE8-A988-1700249BBF04}.Debug|Win32.ActiveCfg = Debug|Win32
		{5EAE4FD1-DCD7-4CE8-A988-1700249BBF04}.Debug|Win32.Build.0 = Debug|Win32
		{5EAE4FD1-DCD7-4CE8-A988-1700249BBF04}.Release_de|Win32.ActiveCfg = Release|Win32
		{5EAE4FD1-DCD7-4CE8-A988-1700249BBF04}.Release_de|Win32.Build.0 = Release|Win32
		{5EAE4FD1-DCD7-4CE8-A988-1700249BBF04}.Release_en|Win32.ActiveCfg = Release|Win32
		{5EAE4FD1-DCD7-4CE8-A988-1700249BBF04}.Release_en|Win32.Build.0 = Release|Win32
		{5EAE4FD1-DCD7-4CE8-A988-1700249BBF04}.Release_es|Win32.ActiveCfg = Release|Win32
		{5EAE4FD1-DCD7-4CE8-A988-1700249BBF04}.Release_es|Win32.Build.0 = Release|Win32
		{5EAE4FD1-DCD7-4CE8-A988-1700249BBF04}.Release_pl|Win32.ActiveCfg = Release|Win32
		{5EAE4FD1-DCD7-4CE8-A988-1700249BBF04}.Release_pl|Win32.Build.0 = Release|Win32
		{5EAE4FD1-DCD7-4CE8-A988-1700249BBF04}.Release_rs|Win32.ActiveCfg = Release|Win32
		{5EAE4FD1-DCD7-4CE8-A988-1700249BBF04}.Release_rs|Win32.Build.0 = Release|Win32
		{5EAE4FD1-DCD7-4CE8-A988-1700249BBF04}.Release|Win32.ActiveCfg = Release|Win32
		{5EAE4FD1-DCD7-4CE8-A988-1700249BBF04}.Release|Win32.Build.0 = Release|Win32
		{F286CFE4-BAB4-4D08-81B0-7CBB555E728E}.Debug_de|Win32.ActiveCfg = Debug|Win32
		{F286CFE4-BAB4-4D08-81B0-7CBB555E728E}.Debug_de|Win32.Build.0 = Debug|Win32
		{F286CFE4-BAB4-4D08-81B0-7CBB555E728E}.Debug_en|Win32.ActiveCfg = Debug|Win32
		{F286CFE4-BAB4-4D08-81B0-7CBB555E728E}.Debug_en|Win32.Build.0 = Debug|Win32
		{F286CFE4-BAB4-4D08-81B0-7CBB555E728E}.Debug_es|Win32.ActiveCfg = Debug|Win32
		{F286CFE4-BAB4-4D08-81B0-7CBB555E728E}.Debug_es|Win32.Build.0 = Debug|Win32
		{F286CFE4-BAB4-4D08-81B0-7CBB555E728E}.Debug_pl|Win32.ActiveCfg = Debug|Win32
		{F286CFE4-BAB4-4D08-81B0-7CBB555E728E}.Debug_pl|Win32.Build.0 = Debug|Win32
		{F286CFE4-BAB4-4D08-81B0-7CBB555E728E}.Debug_rs|Win32.ActiveCfg = Debug|Win32
		{F286CFE4-BAB4-4D08-81B0-7CBB555E728E}.Debug_rs|Win32.Build.0 = Debug|Win32
		{F286CFE4-BAB4-4D08-81B0-7CBB555E728E}.Debug|Win32.ActiveCfg = Debug|Win32
		{F286CFE4-BAB4-4D08-81B0-7CBB555E728E}.Debug|Win32.Build.0 = Debug|Win32
		{F286CFE4-BAB4-4D08-81B0-7CBB555E728E}.Release_de|Win32.ActiveCfg = Release|Win32
		{F286CFE4-BAB4-4D08-81B0-7CBB555E728E}.Release_de|Win32.Build.0 = Release|Win32
		{F286CFE4-BAB4-4D08-81B0-7CBB555E728E}.Release_en|Win32.ActiveCfg = Release|Win32
		{F286CFE4-BAB4-4D08-81B0-7CBB555E728E}.Release_en|Win32.Build.0 = Release|Win32
		{F286CFE4-BAB4-4D08-81B0-7CBB555E728E}.Release_es|Win32.ActiveCfg = Release|Win32
		{F286CFE4-BAB4-4D08-81B0-7CBB555E728E}.Release_es|Win32.Build.0 = Release|Win32
		{F286CFE4-BAB4-4D08-81B0-7CBB555E728E}.Release_pl|Win32.ActiveCfg = Release|Win32
		{F286CFE4-BAB4-4D08-81B0-7CBB555E728E}.Release_pl|Win32.Build.0 = Release|Win32
		{F286CFE4-BAB4-4D08-81B0-7CBB555E728E}.Release_rs|Win32.ActiveCfg = Release|Win32
		{F286CFE4-BAB4-4D08-81B0-7CBB555E728E}.Release_rs|Win32.Build.0 = Release|Win32
		{F286CFE4-BAB4-4D08-81B0-7CBB555E728E}.Release|Win32.ActiveCfg = Release|Win32
		{F286CFE4-BAB4-4D08-81B0-7CBB555E728E}.Release|Win32.Build.0 = Release|Win32
		{3259C909-87A3-4DF2-9C47-F71417DCC0CB}.Debug_de|Win32.ActiveCfg = Debug_de|Win32
		{3259C909-87A3-4DF2-9C47-F71417DCC0CB}.Debug_de|Win32.Build.0 = Debug_de|Win32
		{3259C909-87A3-4DF2-9C47-F71417DCC0CB}.Debug_en|Win32.ActiveCfg = Debug_en|Win32
		{3259C909-87A3-4DF2-9C47-F71417DCC0CB}.Debug_en|Win32.Build.0 = Debug_en|Win32
		{3259C909-87A3-4DF2-9C47-F71417DCC0CB}.Debug_es|Win32.ActiveCfg = Debug_es|Win32
		{3259C909-87A3-4DF2-9C47-F71417DCC0CB}.Debug_es|Win32.Build.0 = Debug_es|Win32
		{3259C909-87A3-4DF2-9C47-F71417DCC0CB}.Debug_pl|Win32.ActiveCfg = Debug_pl|Win32
		{3259C909-87A3-4DF2-9C47-F71417DCC0CB}.Debug_pl|Win32.Build.0 = Debug_pl|Win32
		{3259C909-87A3-4DF2-9C47-F71417DCC0CB}.Debug_rs|Win32.ActiveCfg = Debug_rs|Win32
		{3259C909-87A3-4DF2-9C47-F71417DCC0CB}.Debug_rs|Win32.Build.0 = Debug_rs|Win32
		{3259C909-87A3-4DF2-9C47-F71417DCC0CB}.Debug|Win32.ActiveCfg = Debug_pl|Win32
		{3259C909-87A3-4DF2-9C47-F71417DCC0CB}.Debug|Win32.Build.0 = Debug_pl|Win32
		{3259C909-87A3-4DF2-9C47-F71417DCC0CB}.Release_de|Win32.ActiveCfg = Release_de|Win32
		{3259C909-87A3-4DF2-9C47-F71417DCC0CB}.Release_de|Win32.Build.0 = Release_de|Win32
		{3259C909-87A3-4DF2-9C47-F71417DCC0CB}.Release_en|Win32.ActiveCfg = Release_en|Win32
		{3259C909-87A3-4DF2-9C47-F71417DCC0CB}.Release_en|Win32.Build.0 = Release_en|Win32
		{3259C909-87A3-4DF2-9C47-F71417DCC0CB}.Release_es|Win32.ActiveCfg = Release_es|Win32
		{3259C909-87A3-4DF2-9C47-F71417DCC0CB}.Release_es|Win32.Build.0 = Release_es|Win32
		{3259C909-87A3-4DF2-9C47-F71417DCC0CB}.Release_pl|Win32.ActiveCfg = Release_pl|Win32
		{3259C909-87A3-4DF2-9C47-F71417DCC0CB}.Release_pl|Win32.Build.0 = Release_pl|Win32
		{3259C909-87A3-4DF2-9C47-F71417DCC0CB}.Release_rs|Win32.ActiveCfg = Release_rs|Win32
		{3259C909-87A3-4DF2-9C47-F71417DCC0CB}.Release_rs|Win32.Build.0 = Release_rs|Win32
		{3259C909-87A3-4DF2-9C47-F71417DCC0CB}.Release|Win32.ActiveCfg = Release_pl|Win32
		{3259C909-87A3-4DF2-9C47-F71417DCC0CB}.Release|Win32.Build.0 = Release_pl|Win32
		{69DC472B-0478-4027-B331-B85CF457392E}.Debug_de|Win32.ActiveCfg = Debug_de|Win32
		{69DC472B-0478-4027-B331-B85CF457392E}.Debug_de|Win32.Build.0 = Debug_de|Win32
		{69DC472B-0478-4027-B331-B85CF457392E}.Debug_en|Win32.ActiveCfg = Debug_en|Win32
		{69DC472B-0478-4027-B331-B85CF457392E}.Debug_en|Win32.Build.0 = Debug_en|Win32
		{69DC472B-0478-4027-B331-B85CF457392E}.Debug_es|Win32.ActiveCfg = Debug_es|Win32
		{69DC472B-0478-4027-B331-B85CF457392E}.Debug_es|Win32.Build.0 = Debug_es|Win32
		{69DC472B-0478-4027-B331-B85CF457392E}.Debug_pl|Win32.ActiveCfg = Debug_pl|Win32
		{69DC472B-0478-4027-B331-B85CF457392E}.Debug_pl|Win32.Build.0 = Debug_pl|Win32
		{69DC472B-0478-4027-B331-B85CF457392E}.Debug_rs|Win32.ActiveCfg = Debug_rs|Win32
		{69DC472B-0478-4027-B331-B85CF457392E}.Debug_rs|Win32.Build.0 = Debug_rs|Win32
		{69DC472B-0478-4027-B331-B85CF457392E}.Debug|Win32.ActiveCfg = Debug_pl|Win32
		{69DC472B-0478-4027-B331-B85CF457392E}.Debug|Win32.Build.0 = Debug_pl|Win32
		{69DC472B-0478-4027-B331-B85CF457392E}.Release_de|Win32.ActiveCfg = Release_de|Win32
		{69DC472B-0478-4027-B331-B85CF457392E}.Release_de|Win32.Build.0 = Release_de|Win32
		{69DC472B-0478-4027-B331-B85CF457392E}.Release_en|Win32.ActiveCfg = Release_en|Win32
		{69DC472B-0478-4027-B331-B85CF457392E}.Release_en|Win32.Build.0 = Release_en|Win32
		{69DC472B-0478-4027-B331-B85CF457392E}.Release_es|Win32.ActiveCfg = Release_es|Win32
		{69DC472B-0478-4027-B331-B85CF457392E}.Release_es|Win32.Build.0 = Release_es|Win32
		{69DC472B-0478-4027-B331-B85CF457392E}.Release_pl|Win32.ActiveCfg = Release_pl|Win32
		{69DC472B-0478-4027-B331-B85CF457392E}.Release_pl|Win32.Build.0 = Release_pl|Win32
		{69DC472B-0478-4027-B331-B85CF457392E}.Release_rs|Win32.ActiveCfg = Release_rs|Win32
		{69DC472B-0478-4027-B331-B85CF457392E}.Release_rs|Win32.Build.0 = Release_rs|Win32
		{69DC472B-0478-4027-B331-B85CF457392E}.Release|Win32.ActiveCfg = Release_de|Win32
		{69DC472B-0478-4027-B331-B85CF457392E}.Release|Win32.Build.0 = Release_de|Win32
		{B835E875-5E34-46B9-B507-D0462C92D87A}.Debug_de|Win32.ActiveCfg = Debug_de|Win32
		{B835E875-5E34-46B9-B507-D0462C92D87A}.Debug_de|Win32.Build.0 = Debug_de|Win32
		{B835E875-5E34-46B9-B507-D0462C92D87A}.Debug_en|Win32.ActiveCfg = Debug_de|Win32
		{B835E875-5E34-46B9-B507-D0462C92D87A}.Debug_es|Win32.ActiveCfg = Debug_de|Win32
		{B835E875-5E34-46B9-B507-D0462C92D87A}.Debug_pl|Win32.ActiveCfg = Debug_de|Win32
		{B835E875-5E34-46B9-B507-D0462C92D87A}.Debug_rs|Win32.ActiveCfg = Debug_de|Win32
		{B835E875-5E34-46B9-B507-D0462C92D87A}.Debug|Win32.ActiveCfg = Debug_de|Win32
		{B835E875-5E34-46B9-B507-D0462C92D87A}.Debug|Win32.Build.0 = Debug_de|Win32
		{B835E875-5E34-46B9-B507-D0462C92D87A}.Release_de|Win32.ActiveCfg = Release_de|Win32
		{B835E875-5E34-46B9-B507-D0462C92D87A}.Release_de|Win32.Build.0 = Release_de|Win32
		{B835E875-5E34-46B9-B507-D0462C92D87A}.Release_en|Win32.ActiveCfg = Release_de|Win32
		{B835E875-5E34-46B9-B507-D0462C92D87A}.Release_es|Win32.ActiveCfg = Release_de|Win32
		{B835E875-5E34-46B9-B507-D0462C92D87A}.Release_pl|Win32.ActiveCfg = Release_de|Win32
		{B835E875-5E34-46B9-B507-D0462C92D87A}.Release_rs|Win32.ActiveCfg = Release_de|Win32
		{B835E875-5E34-46B9-B507-D0462C92D87A}.Release|Win32.ActiveCfg = Release_de|Win32
		{B835E875-5E34-46B9-B507-D0462C92D87A}.Release|Win32.Build.0 = Release_de|Win32
		{9CED13EA-5C57-4CF0-AE58-AB590D533AD8}.Debug_de|Win32.ActiveCfg = Debug_en|Win32
		{9CED13EA-5C57-4CF0-AE58-AB590D533AD8}.Debug_en|Win32.ActiveCfg = Debug_en|Win32
		{9CED13EA-5C57-4CF0-AE58-AB590D533AD8}.Debug_en|Win32.Build.0 = Debug_en|Win32
		{9CED13EA-5C57-4CF0-AE58-AB590D533AD8}.Debug_es|Win32.ActiveCfg = Debug_en|Win32
		{9CED13EA-5C57-4CF0-AE58-AB590D533AD8}.Debug_es|Win32.Build.0 = Debug_en|Win32
		{9CED13EA-5C57-4CF0-AE58-AB590D533AD8}.Debug_pl|Win32.ActiveCfg = Debug_en|Win32
		{9CED13EA-5C57-4CF0-AE58-AB590D533AD8}.Debug_pl|Win32.Build.0 = Debug_en|Win32
		{9CED13EA-5C57-4CF0-AE58-AB590D533AD8}.Debug_rs|Win32.ActiveCfg = Debug_en|Win32
		{9CED13EA-5C57-4CF0-AE58-AB590D533AD8}.Debug|Win32.ActiveCfg = Debug_en|Win32
		{9CED13EA-5C57-4CF0-AE58-AB590D533AD8}.Debug|Win32.Build.0 = Debug_en|Win32
		{9CED13EA-5C57-4CF0-AE58-AB590D533AD8}.Release_de|Win32.ActiveCfg = Release_en|Win32
		{9CED13EA-5C57-4CF0-AE58-AB590D533AD8}.Release_en|Win32.ActiveCfg = Release_en|Win32
		{9CED13EA-5C57-4CF0-AE58-AB590D533AD8}.Release_en|Win32.Build.0 = Release_en|Win32
		{9CED13EA-5C57-4CF0-AE58-AB590D533AD8}.Release_es|Win32.ActiveCfg = Release_en|Win32
		{9CED13EA-5C57-4CF0-AE58-AB590D533AD8}.Release_es|Win32.Build.0 = Release_en|Win32
		{9CED13EA-5C57-4CF0-AE58-AB590D533AD8}.Release_pl|Win32.ActiveCfg = Release_en|Win32
		{9CED13EA-5C57-4CF0-AE58-AB590D533AD8}.Release_pl|Win32.Build.0 = Release_en|Win32
		{9CED13EA-5C57-4CF0-AE58-AB590D533AD8}.Release_rs|Win32.ActiveCfg = Release_en|Win32
		{9CED13EA-5C57-4CF0-AE58-AB590D533AD8}.Release|Win32.ActiveCfg = Release_en|Win32
		{9CED13EA-5C57-4CF0-AE58-AB590D533AD8}.Release|Win32.Build.0 = Release_en|Win32
		{D11F006A-BAEF-43B8-8EF6-FED5021E17F2}.Debug_de|Win32.ActiveCfg = Debug|Win32
		{D11F006A-BAEF-43B8-8EF6-FED5021E17F2}.Debug_de|Win32.Build.0 = Debug|Win32
		{D11F006A-BAEF-43B8-8EF6-FED5021E17F2}.Debug_en|Win32.ActiveCfg = Debug|Win32
		{D11F006A-BAEF-43B8-8EF6-FED5021E17F2}.Debug_en|Win32.Build.0 = Debug|Win32
		{D11F006A-BAEF-43B8-8EF6-FED5021E17F2}.Debug_es|Win32.ActiveCfg = Debug|Win32
		{D11F006A-BAEF-43B8-8EF6-FED5021E17F2}.Debug_es|Win32.Build.0 = Debug|Win32
		{D11F006A-BAEF-43B8-8EF6-FED5021E17F2}.Debug_pl|Win32.ActiveCfg = Debug|Win32
		{D11F006A-BAEF-43B8-8EF6-FED5021E17F2}.Debug_pl|Win32.Build.0 = Debug|Win32
		{D11F006A-BAEF-43B8-8EF6-FED5021E17F2}.Debug_rs|Win32.ActiveCfg = Debug|Win32
		{D11F006A-BAEF-43B8-8EF6-FED5021E17F2}.Debug_rs|Win32.Build.0 = Debug|Win32
		{D11F006A-BAEF-43B8-8EF6-FED5021E17F2}.Debug|Win32.ActiveCfg = Debug|Win32
		{D11F006A-BAEF-43B8-8EF6-FED5021E17F2}.Debug|Win32.Build.0 = Debug|Win32
		{D11F006A-BAEF-43B8-8EF6-FED5021E17F2}.Release_de|Win32.ActiveCfg = Release|Win32
		{D11F006A-BAEF-43B8-8EF6-FED5021E17F2}.Release_de|Win32.Build.0 = Release|Win32
		{D11F006A-BAEF-43B8-8EF6-FED5021E17F2}.Release_en|Win32.ActiveCfg = Release|Win32
		{D11F006A-BAEF-43B8-8EF6-FED5021E17F2}.Release_en|Win32.Build.0 = Release|Win32
		{D11F006A-BAEF-43B8-8EF6-FED5021E17F2}.Release_es|Win32.ActiveCfg = Release|Win32
		{D11F006A-BAEF-43B8-8EF6-FED5021E17F2}.Release_es|Win32.Build.0 = Release|Win32
		{D11F006A-BAEF-43B8-8EF6-FED5021E17F2}.Release_pl|Win32.ActiveCfg = Release|Win32
		{D11F006A-BAEF-43B8-8EF6-FED5021E17F2}.Release_pl|Win32.Build.0 = Release|Win32
		{D11F006A-BAEF-43B8-8EF6-FED5021E17F2}.Release_rs|Win32.ActiveCfg = Release|Win32
		{D11F006A-BAEF-43B8-8EF6-FED5021E17F2}.Release_rs|Win32.Build.0 = Release|Win32
		{D11F006A-BAEF-43B8-8EF6-FED5021E17F2}.Release|Win32.ActiveCfg = Release|Win32
		{D11F006A-BAEF-43B8-8EF6-FED5021E17F2}.Release|Win32.Build.0 = Release|Win32
		{18E87C14-7876-411D-A281-BC03C19D72AC}.Debug_de|Win32.ActiveCfg = Debug|Win32
		{18E87C14-7876-411D-A281-BC03C19D72AC}.Debug_de|Win32.Build.0 = Debug|Win32
		{18E87C14-7876-411D-A281-BC03C19D72AC}.Debug_en|Win32.ActiveCfg = Debug|Win32
		{18E87C14-7876-411D-A281-BC03C19D72AC}.Debug_en|Win32.Build.0 = Debug|Win32
		{18E87C14-7876-411D-A281-BC03C19D72AC}.Debug_es|Win32.ActiveCfg = Debug|Win32
		{18E87C14-7876-411D-A281-BC03C19D72AC}.Debug_es|Win32.Build.0 = Debug|Win32
		{18E87C14-7876-411D-A281-BC03C19D72AC}.Debug_pl|Win32.ActiveCfg = Debug|Win32
		{18E87C14-7876-411D-A281-BC03C19D72AC}.Debug_pl|Win32.Build.0 = Debug|Win32
		{18E87C14-7876-411D-A281-BC03C19D72AC}.Debug_rs|Win32.ActiveCfg = Debug|Win32
		{18E87C14-7876-411D-A281-BC03C19D72AC}.Debug_rs|Win32.Build.0 = Debug|Win32
		{18E87C14-7876-411D-A281-BC03C19D72AC}.Debug|Win32.ActiveCfg = Debug|Win32
		{18E87C14-7876-411D-A281-BC03C19D72AC}.Debug|Win32.Build.0 = Debug|Win32
		{18E87C14-7876-411D-A281-BC03C19D72AC}.Release_de|Win32.ActiveCfg = Release|Win32
		{18E87C14-7876-411D-A281-BC03C19D72AC}.Release_de|Win32.Build.0 = Release|Win32
		{18E87C14-7876-411D-A281-BC03C19D72AC}.Release_en|Win32.ActiveCfg = Release|Win32
		{18E87C14-7876-411D-A281-BC03C19D72AC}.Release_en|Win32.Build.0 = Release|Win32
		{18E87C14-7876-411D-A281-BC03C19D72AC}.Release_es|Win32.ActiveCfg = Release|Win32
		{18E87C14-7876-411D-A281-BC03C19D72AC}.Release_es|Win32.Build.0 = Release|Win32
		{18E87C14-7876-411D-A281-BC03C19D72AC}.Release_pl|Win32.ActiveCfg = Release|Win32
		{18E87C14-7876-411D-A281-BC03C19D72AC}.Release_pl|Win32.Build.0 = Release|Win32
		{18E87C14-7876-411D-A281-BC03C19D72AC}.Release_rs|Win32.ActiveCfg = Release|Win32
		{18E87C14-7876-411D-A281-BC03C19D72AC}.Release_rs|Win32.Build.0 = Release|Win32
		{18E87C14-7876-411D-A281-BC03C19D72AC}.Release|Win32.ActiveCfg = Release|Win32
		{18E87C14-7876-411D-A281-BC03C19D72AC}.Release|Win32.Build.0 = Release|Win32
		{13F98398-B0A6-4F32-82D9-9C4F24A0C07A}.Debug_de|Win32.ActiveCfg = Debug_de|Win32
		{13F98398-B0A6-4F32-82D9-9C4F24A0C07A}.Debug_de|Win32.Build.0 = Debug_de|Win32
		{13F98398-B0A6-4F32-82D9-9C4F24A0C07A}.Debug_en|Win32.ActiveCfg = Debug_de|Win32
		{13F98398-B0A6-4F32-82D9-9C4F24A0C07A}.Debug_en|Win32.Build.0 = Debug_de|Win32
		{13F98398-B0A6-4F32-82D9-9C4F24A0C07A}.Debug_es|Win32.ActiveCfg = Debug_de|Win32
		{13F98398-B0A6-4F32-82D9-9C4F24A0C07A}.Debug_pl|Win32.ActiveCfg = Debug_de|Win32
		{13F98398-B0A6-4F32-82D9-9C4F24A0C07A}.Debug_rs|Win32.ActiveCfg = Debug_de|Win32
		{13F98398-B0A6-4F32-82D9-9C4F24A0C07A}.Debug|Win32.ActiveCfg = Debug_de|Win32
		{13F98398-B0A6-4F32-82D9-9C4F24A0C07A}.Debug|Win32.Build.0 = Debug_de|Win32
		{13F98398-B0A6-4F32-82D9-9C4F24A0C07A}.Release_de|Win32.ActiveCfg = Release_de|Win32
		{13F98398-B0A6-4F32-82D9-9C4F24A0C07A}.Release_de|Win32.Build.0 = Release_de|Win32
		{13F98398-B0A6-4F32-82D9-9C4F24A0C07A}.Release_en|Win32.ActiveCfg = Release_de|Win32
		{13F98398-B0A6-4F32-82D9-9C4F24A0C07A}.Release_es|Win32.ActiveCfg = Release_de|Win32
		{13F98398-B0A6-4F32-82D9-9C4F24A0C07A}.Release_pl|Win32.ActiveCfg = Release_de|Win32
		{13F98398-B0A6-4F32-82D9-9C4F24A0C07A}.Release_rs|Win32.ActiveCfg = Release_de|Win32
		{13F98398-B0A6-4F32-82D9-9C4F24A0C07A}.Release|Win32.ActiveCfg = Release_de|Win32
		{13F98398-B0A6-4F32-82D9-9C4F24A0C07A}.Release|Win32.Build.0 = Release_de|Win32
		{068B2C5B-4AA8-459C-B0B9-0B0EE768B793}.Debug_de|Win32.ActiveCfg = Debug_en|Win32
		{068B2C5B-4AA8-459C-B0B9-0B0EE768B793}.Debug_en|Win32.ActiveCfg = Debug_en|Win32
		{068B2C5B-4AA8-459C-B0B9-0B0EE768B793}.Debug_en|Win32.Build.0 = Debug_en|Win32
		{068B2C5B-4AA8-459C-B0B9-0B0EE768B793}.Debug_es|Win32.ActiveCfg = Debug_en|Win32
		{068B2C5B-4AA8-459C-B0B9-0B0EE768B793}.Debug_es|Win32.Build.0 = Debug_en|Win32
		{068B2C5B-4AA8-459C-B0B9-0B0EE768B793}.Debug_pl|Win32.ActiveCfg = Debug_en|Win32
		{068B2C5B-4AA8-459C-B0B9-0B0EE768B793}.Debug_pl|Win32.Build.0 = Debug_en|Win32
		{068B2C5B-4AA8-459C-B0B9-0B0EE768B793}.Debug_rs|Win32.ActiveCfg = Debug_en|Win32
		{068B2C5B-4AA8-459C-B0B9-0B0EE768B793}.Debug|Win32.ActiveCfg = Debug_en|Win32
		{068B2C5B-4AA8-459C-B0B9-0B0EE768B793}.Debug|Win32.Build.0 = Debug_en|Win32
		{068B2C5B-4AA8-459C-B0B9-0B0EE768B793}.Release_de|Win32.ActiveCfg = Release_en|Win32
		{068B2C5B-4AA8-459C-B0B9-0B0EE768B793}.Release_en|Win32.ActiveCfg = Release_en|Win32
		{068B2C5B-4AA8-459C-B0B9-0B0EE768B793}.Release_en|Win32.Build.0 = Release_en|Win32
		{068B2C5B-4AA8-459C-B0B9-0B0EE768B793}.Release_es|Win32.ActiveCfg = Release_en|Win32
		{068B2C5B-4AA8-459C-B0B9-0B0EE768B793}.Release_es|Win32.Build.0 = Release_en|Win32
		{068B2C5B-4AA8-459C-B0B9-0B0EE768B793}.Release_pl|Win32.ActiveCfg = Release_en|Win32
		{068B2C5B-4AA8-459C-B0B9-0B0EE768B793}.Release_pl|Win32.Build.0 = Release_en|Win32
		{068B2C5B-4AA8-459C-B0B9-0B0EE768B793}.Release_rs|Win32.ActiveCfg = Release_en|Win32
		{068B2C5B-4AA8-459C-B0B9-0B0EE768B793}.Release|Win32.ActiveCfg = Release_en|Win32
		{068B2C5B-4AA8-459C-B0B9-0B0EE768B793}.Release|Win32.Build.0 = Release_en|Win32
		{3D9B8B0A-2A43-47C5-B553-09BB3D74FDFC}.Debug_de|Win32.ActiveCfg = Debug_pl|Win32
		{3D9B8B0A-2A43-47C5-B553-09BB3D74FDFC}.Debug_en|Win32.ActiveCfg = Debug_pl|Win32
		{3D9B8B0A-2A43-47C5-B553-09BB3D74FDFC}.Debug_es|Win32.ActiveCfg = Debug_pl|Win32
		{3D9B8B0A-2A43-47C5-B553-09BB3D74FDFC}.Debug_pl|Win32.ActiveCfg = Debug_pl|Win32
		{3D9B8B0A-2A43-47C5-B553-09BB3D74FDFC}.Debug_rs|Win32.ActiveCfg = Debug_pl|Win32
		{3D9B8B0A-2A43-47C5-B553-09BB3D74FDFC}.Debug|Win32.ActiveCfg = Debug_pl|Win32
		{3D9B8B0A-2A43-47C5-B553-09BB3D74FDFC}.Debug|Win32.Build.0 = Debug_pl|Win32
		{3D9B8B0A-2A43-47C5-B553-09BB3D74FDFC}.Release_de|Win32.ActiveCfg = Release_pl|Win32
		{3D9B8B0A-2A43-47C5-B553-09BB3D74FDFC}.Release_en|Win32.ActiveCfg = Release_pl|Win32
		{3D9B8B0A-2A43-47C5-B553-09BB3D74FDFC}.Release_es|Win32.ActiveCfg = Release_pl|Win32
		{3D9B8B0A-2A43-47C5-B553-09BB3D74FDFC}.Release_pl|Win32.ActiveCfg = Release_pl|Win32
		{3D9B8B0A-2A43-47C5-B553-09BB3D74FDFC}.Release_rs|Win32.ActiveCfg = Release_pl|Win32
		{3D9B8B0A-2A43-47C5-B553-09BB3D74FDFC}.Release|Win32.ActiveCfg = Release_pl|Win32
		{3D9B8B0A-2A43-47C5-B553-09BB3D74FDFC}.Release|Win32.Build.0 = Release_pl|Win32
		{67EF14F1-A4D3-4DCE-9356-333CDC1C0E43}.Debug_de|Win32.ActiveCfg = Debug_de|Win32
		{67EF14F1-A4D3-4DCE-9356-333CDC1C0E43}.Debug_de|Win32.Build.0 = Debug_de|Win32
		{67EF14F1-A4D3-4DCE-9356-333CDC1C0E43}.Debug_en|Win32.ActiveCfg = Debug_en|Win32
		{67EF14F1-A4D3-4DCE-9356-333CDC1C0E43}.Debug_en|Win32.Build.0 = Debug_en|Win32
		{67EF14F1-A4D3-4DCE-9356-333CDC1C0E43}.Debug_es|Win32.ActiveCfg = Debug_es|Win32
		{67EF14F1-A4D3-4DCE-9356-333CDC1C0E43}.Debug_es|Win32.Build.0 = Debug_es|Win32
		{67EF14F1-A4D3-4DCE-9356-333CDC1C0E43}.Debug_pl|Win32.ActiveCfg = Debug_pl|Win32
		{67EF14F1-A4D3-4DCE-9356-333CDC1C0E43}.Debug_pl|Win32.Build.0 = Debug_pl|Win32
		{67EF14F1-A4D3-4DCE-9356-333CDC1C0E43}.Debug_rs|Win32.ActiveCfg = Debug_rs|Win32
		{67EF14F1-A4D3-4DCE-9356-333CDC1C0E43}.Debug_rs|Win32.Build.0 = Debug_rs|Win32
		{67EF14F1-A4D3-4DCE-9356-333CDC1C0E43}.Debug|Win32.ActiveCfg = Debug_pl|Win32
		{67EF14F1-A4D3-4DCE-9356-333CDC1C0E43}.Debug|Win32.Build.0 = Debug_pl|Win32
		{67EF14F1-A4D3-4DCE-9356-333CDC1C0E43}.Release_de|Win32.ActiveCfg = Release_de|Win32
		{67EF14F1-A4D3-4DCE-9356-333CDC1C0E43}.Release_de|Win32.Build.0 = Release_de|Win32
		{67EF14F1-A4D3-4DCE-9356-333CDC1C0E43}.Release_en|Win32.ActiveCfg = Release_en|Win32
		{67EF14F1-A4D3-4DCE-9356-333CDC1C0E43}.Release_en|Win32.Build.0 = Release_en|Win32
		{67EF14F1-A4D3-4DCE-9356-333CDC1C0E43}.Release_es|Win32.ActiveCfg = Release_es|Win32
		{67EF14F1-A4D3-4DCE-9356-333CDC1C0E43}.Release_es|Win32.Build.0 = Release_es|Win32
		{67EF14F1-A4D3-4DCE-9356-333CDC1C0E43}.Release_pl|Win32.ActiveCfg = Release_pl|Win32
		{67EF14F1-A4D3-4DCE-9356-333CDC1C0E43}.Release_pl|Win32.Build.0 = Release_pl|Win32
		{67EF14F1-A4D3-4DCE-9356-333CDC1C0E43}.Release_rs|Win32.ActiveCfg = Release_rs|Win32
		{67EF14F1-A4D3-4DCE-9356-333CDC1C0E43}.Release_rs|Win32.Build.0 = Release_rs|Win32
		{67EF14F1-A4D3-4DCE-9356-333CDC1C0E43}.Release|Win32.ActiveCfg = Release_pl|Win32
		{67EF14F1-A4D3-4DCE-9356-333CDC1C0E43}.Release|Win32.Build.0 = Release_pl|Win32
		{5109DBD7-DF03-4FEF-8971-5AC549092753}.Debug_de|Win32.ActiveCfg = Debug_pl|Win32
		{5109DBD7-DF03-4FEF-8971-5AC549092753}.Debug_en|Win32.ActiveCfg = Debug_pl|Win32
		{5109DBD7-DF03-4FEF-8971-5AC549092753}.Debug_es|Win32.ActiveCfg = Debug_pl|Win32
		{5109DBD7-DF03-4FEF-8971-5AC549092753}.Debug_pl|Win32.ActiveCfg = Debug_pl|Win32
		{5109DBD7-DF03-4FEF-8971-5AC549092753}.Debug_rs|Win32.ActiveCfg = Debug_pl|Win32
		{5109DBD7-DF03-4FEF-8971-5AC549092753}.Debug|Win32.ActiveCfg = Debug_pl|Win32
		{5109DBD7-DF03-4FEF-8971-5AC549092753}.Release_de|Win32.ActiveCfg = Release_pl|Win32
		{5109DBD7-DF03-4FEF-8971-5AC549092753}.Release_en|Win32.ActiveCfg = Release_pl|Win32
		{5109DBD7-DF03-4FEF-8971-5AC549092753}.Release_es|Win32.ActiveCfg = Release_pl|Win32
		{5109DBD7-DF03-4FEF-8971-5AC549092753}.Release_pl|Win32.ActiveCfg = Release_pl|Win32
		{5109DBD7-DF03-4FEF-8971-5AC549092753}.Release_rs|Win32.ActiveCfg = Release_pl|Win32
		{5109DBD7-DF03-4FEF-8971-5AC549092753}.Release|Win32.ActiveCfg = Release_pl|Win32
		{8AEF12E1-80BC-47BD-9091-B407D0656AFB}.Debug_de|Win32.ActiveCfg = Debug|Win32
		{8AEF12E1-80BC-47BD-9091-B407D0656AFB}.Debug_de|Win32.Build.0 = Debug|Win32
		{8AEF12E1-80BC-47BD-9091-B407D0656AFB}.Debug_en|Win32.ActiveCfg = Debug|Win32
		{8AEF12E1-80BC-47BD-9091-B407D0656AFB}.Debug_en|Win32.Build.0 = Debug|Win32
		{8AEF12E1-80BC-47BD-9091-B407D0656AFB}.Debug_es|Win32.ActiveCfg = Debug|Win32
		{8AEF12E1-80BC-47BD-9091-B407D0656AFB}.Debug_es|Win32.Build.0 = Debug|Win32
		{8AEF12E1-80BC-47BD-9091-B407D0656AFB}.Debug_pl|Win32.ActiveCfg = Debug|Win32
		{8AEF12E1-80BC-47BD-9091-B407D0656AFB}.Debug_pl|Win32.Build.0 = Debug|Win32
		{8AEF12E1-80BC-47BD-9091-B407D0656AFB}.Debug_rs|Win32.ActiveCfg = Debug|Win32
		{8AEF12E1-80BC-47BD-9091-B407D0656AFB}.Debug_rs|Win32.Build.0 = Debug|Win32
		{8AEF12E1-80BC-47BD-9091-B407D0656AFB}.Debug|Win32.ActiveCfg = Debug|Win32
		{8AEF12E1-80BC-47BD-9091-B407D0656AFB}.Debug|Win32.Build.0 = Debug|Win32
		{8AEF12E1-80BC-47BD-9091-B407D0656AFB}.Release_de|Win32.ActiveCfg = Release|Win32
		{8AEF12E1-80BC-47BD-9091-B407D0656AFB}.Release_de|Win32.Build.0 = Release|Win32
		{8AEF12E1-80BC-47BD-9091-B407D0656AFB}.Release_en|Win32.ActiveCfg = Release|Win32
		{8AEF12E1-80BC-47BD-9091-B407D0656AFB}.Release_en|Win32.Build.0 = Release|Win32
		{8AEF12E1-80BC-47BD-9091-B407D0656AFB}.Release_es|Win32.ActiveCfg = Release|Win32
		{8AEF12E1-80BC-47BD-9091-B407D0656AFB}.Release_es|Win32.Build.0 = Release|Win32
		{8AEF12E1-80BC-47BD-9091-B407D0656AFB}.Release_pl|Win32.ActiveCfg = Release|Win32
		{8AEF12E1-80BC-47BD-9091-B407D0656AFB}.Release_pl|Win32.Build.0 = Release|Win32
		{8AEF12E1-80BC-47BD-9091-B407D0656AFB}.Release_rs|Win32.ActiveCfg = Release|Win32
		{8AEF12E1-80BC-47BD-9091-B407D0656AFB}.Release_rs|Win32.Build.0 = Release|Win32
		{8AEF12E1-80BC-47BD-9091-B407D0656AFB}.Release|Win32.ActiveCfg = Release|Win32
		{8AEF12E1-80BC-47BD-9091-B407D0656AFB}.Release|Win32.Build.0 = Release|Win32
		{3FBC961E-3CA4-486F-A2D8-1B3A025C0C51}.Debug_de|Win32.ActiveCfg = Debug_rs|Win32
		{3FBC961E-3CA4-486F-A2D8-1B3A025C0C51}.Debug_en|Win32.ActiveCfg = Debug_rs|Win32
		{3FBC961E-3CA4-486F-A2D8-1B3A025C0C51}.Debug_es|Win32.ActiveCfg = Debug_rs|Win32
		{3FBC961E-3CA4-486F-A2D8-1B3A025C0C51}.Debug_pl|Win32.ActiveCfg = Debug_rs|Win32
		{3FBC961E-3CA4-486F-A2D8-1B3A025C0C51}.Debug_rs|Win32.ActiveCfg = Debug_rs|Win32
		{3FBC961E-3CA4-486F-A2D8-1B3A025C0C51}.Debug_rs|Win32.Build.0 = Debug_rs|Win32
		{3FBC961E-3CA4-486F-A2D8-1B3A025C0C51}.Debug|Win32.ActiveCfg = Debug_rs|Win32
		{3FBC961E-3CA4-486F-A2D8-1B3A025C0C51}.Debug|Win32.Build.0 = Debug_rs|Win32
		{3FBC961E-3CA4-486F-A2D8-1B3A025C0C51}.Release_de|Win32.ActiveCfg = Release_rs|Win32
		{3FBC961E-3CA4-486F-A2D8-1B3A025C0C51}.Release_en|Win32.ActiveCfg = Release_rs|Win32
		{3FBC961E-3CA4-486F-A2D8-1B3A025C0C51}.Release_es|Win32.ActiveCfg = Release_rs|Win32
		{3FBC961E-3CA4-486F-A2D8-1B3A025C0C51}.Release_pl|Win32.ActiveCfg = Release_rs|Win32
		{3FBC961E-3CA4-486F-A2D8-1B3A025C0C51}.Release_rs|Win32.ActiveCfg = Release_rs|Win32
		{3FBC961E-3CA4-486F-A2D8-1B3A025C0C51}.Release_rs|Win32.Build.0 = Release_rs|Win32
		{3FBC961E-3CA4-486F-A2D8-1B3A025C0C51}.Release|Win32.ActiveCfg = Release_rs|Win32
		{3FBC961E-3CA4-486F-A2D8-1B3A025C0C51}.Release|Win32.Build.0 = Release_rs|Win32
		{F5A78D9A-7832-4A48-886E-F0A76C9D3070}.Debug_de|Win32.ActiveCfg = Debug_rs|Win32
		{F5A78D9A-7832-4A48-886E-F0A76C9D3070}.Debug_en|Win32.ActiveCfg = Debug_rs|Win32
		{F5A78D9A-7832-4A48-886E-F0A76C9D3070}.Debug_es|Win32.ActiveCfg = Debug_rs|Win32
		{F5A78D9A-7832-4A48-886E-F0A76C9D3070}.Debug_pl|Win32.ActiveCfg = Debug_rs|Win32
		{F5A78D9A-7832-4A48-886E-F0A76C9D3070}.Debug_rs|Win32.ActiveCfg = Debug_rs|Win32
		{F5A78D9A-7832-4A48-886E-F0A76C9D3070}.Debug_rs|Win32.Build.0 = Debug_rs|Win32
		{F5A78D9A-7832-4A48-886E-F0A76C9D3070}.Debug|Win32.ActiveCfg = Debug_rs|Win32
		{F5A78D9A-7832-4A48-886E-F0A76C9D3070}.Debug|Win32.Build.0 = Debug_rs|Win32
		{F5A78D9A-7832-4A48-886E-F0A76C9D3070}.Release_de|Win32.ActiveCfg = Release_rs|Win32
		{F5A78D9A-7832-4A48-886E-F0A76C9D3070}.Release_en|Win32.ActiveCfg = Release_rs|Win32
		{F5A78D9A-7832-4A48-886E-F0A76C9D3070}.Release_es|Win32.ActiveCfg = Release_rs|Win32
		{F5A78D9A-7832-4A48-886E-F0A76C9D3070}.Release_pl|Win32.ActiveCfg = Release_rs|Win32
		{F5A78D9A-7832-4A48-886E-F0A76C9D3070}.Release_rs|Win32.ActiveCfg = Release_rs|Win32
		{F5A78D9A-7832-4A48-886E-F0A76C9D3070}.Release_rs|Win32.Build.0 = Release_rs|Win32
		{F5A78D9A-7832-4A48-886E-F0A76C9D3070}.Release|Win32.ActiveCfg = Release_rs|Win32
		{F5A78D9A-7832-4A48-886E-F0A76C9D3070}.Release|Win32.Build.0 = Release_rs|Win32
	EndGlobalSection
	GlobalSection(SolutionProperties) = preSolution
		HideSolutionNode = FALSE
	EndGlobalSection
EndGlobal
