Microsoft Visual Studio Solution File, Format Version 8.00
Project("{8BC9CEB8-8B4A-11D0-8D11-00A0C91BC942}") = "LibAnalyse", "..\LibAnalyse\LibAnalyse.vcproj", "{8C1D5DE7-80B6-4510-BB64-9F271F0E3C37}"
	ProjectSection(ProjectDependencies) = postProject
	EndProjectSection
EndProject
Project("{8BC9CEB8-8B4A-11D0-8D11-00A0C91BC942}") = "LibEc", "..\LibEc\LibEc.vcproj", "{5EAE4FD1-DCD7-4CE8-A988-1700249BBF04}"
	ProjectSection(ProjectDependencies) = postProject
	EndProjectSection
EndProject
Project("{8BC9CEB8-8B4A-11D0-8D11-00A0C91BC942}") = "LibMiracl", "..\LibMiracl\LibMiracl.vcproj", "{F286CFE4-BAB4-4D08-81B0-7CBB555E728E}"
	ProjectSection(ProjectDependencies) = postProject
	EndProjectSection
EndProject
Project("{8BC9CEB8-8B4A-11D0-8D11-00A0C91BC942}") = "aestool", "..\aestool\aestool.vcproj", "{3259C909-87A3-4DF2-9C47-F71417DCC0CB}"
	ProjectSection(ProjectDependencies) = postProject
	EndProjectSection
EndProject
Project("{8BC9CEB8-8B4A-11D0-8D11-00A0C91BC942}") = "NumberShark", "..\NumberShark\MFC-ZahlenHai.vcproj", "{3259C909-87A3-4DF2-9C47-F71417DCC0CB}"
	ProjectSection(ProjectDependencies) = postProject
	EndProjectSection
EndProject
Project("{8BC9CEB8-8B4A-11D0-8D11-00A0C91BC942}") = "CrypTool", "CrypTool.vcproj", "{69DC472B-0478-4027-B331-B85CF457392E}"
	ProjectSection(ProjectDependencies) = postProject
		{D11F006A-BAEF-43B8-8EF6-FED5021E17F2} = {D11F006A-BAEF-43B8-8EF6-FED5021E17F2}
		{B835E875-5E34-46B9-B507-D0462C92D87A} = {B835E875-5E34-46B9-B507-D0462C92D87A}
		{5EAE4FD1-DCD7-4CE8-A988-1700249BBF04} = {5EAE4FD1-DCD7-4CE8-A988-1700249BBF04}
		{F286CFE4-BAB4-4D08-81B0-7CBB555E728E} = {F286CFE4-BAB4-4D08-81B0-7CBB555E728E}
		{8C1D5DE7-80B6-4510-BB64-9F271F0E3C37} = {8C1D5DE7-80B6-4510-BB64-9F271F0E3C37}
		{9CED13EA-5C57-4CF0-AE58-AB590D533AD8} = {9CED13EA-5C57-4CF0-AE58-AB590D533AD8}
	EndProjectSection
EndProject
Project("{8BC9CEB8-8B4A-11D0-8D11-00A0C91BC942}") = "hlp_de", "hlp_de\hlp_de.vcproj", "{B835E875-5E34-46B9-B507-D0462C92D87A}"
	ProjectSection(ProjectDependencies) = postProject
	EndProjectSection
EndProject
Project("{8BC9CEB8-8B4A-11D0-8D11-00A0C91BC942}") = "hlp_en", "hlp_en\hlp_en.vcproj", "{9CED13EA-5C57-4CF0-AE58-AB590D533AD8}"
	ProjectSection(ProjectDependencies) = postProject
	EndProjectSection
EndProject
Project("{8BC9CEB8-8B4A-11D0-8D11-00A0C91BC942}") = "libNTL", "..\libNTL\libNTL.vcproj", "{D11F006A-BAEF-43B8-8EF6-FED5021E17F2}"
	ProjectSection(ProjectDependencies) = postProject
	EndProjectSection
EndProject
Global
	GlobalSection(SolutionConfiguration) = preSolution
		Debug = Debug
		Release = Release
		Release_aes_de = Release_aes_de
		Release_aes_en = Release_aes_en
		Release_de = Release_de
		Release_en = Release_en
	EndGlobalSection
	GlobalSection(ProjectConfiguration) = postSolution
		{8C1D5DE7-80B6-4510-BB64-9F271F0E3C37}.Debug.ActiveCfg = Debug|Win32
		{8C1D5DE7-80B6-4510-BB64-9F271F0E3C37}.Debug.Build.0 = Debug|Win32
		{8C1D5DE7-80B6-4510-BB64-9F271F0E3C37}.Release.ActiveCfg = Release|Win32
		{8C1D5DE7-80B6-4510-BB64-9F271F0E3C37}.Release.Build.0 = Release|Win32
		{8C1D5DE7-80B6-4510-BB64-9F271F0E3C37}.Release_aes_de.ActiveCfg = Release|Win32
		{8C1D5DE7-80B6-4510-BB64-9F271F0E3C37}.Release_aes_de.Build.0 = Release|Win32
		{8C1D5DE7-80B6-4510-BB64-9F271F0E3C37}.Release_aes_en.ActiveCfg = Release|Win32
		{8C1D5DE7-80B6-4510-BB64-9F271F0E3C37}.Release_aes_en.Build.0 = Release|Win32
		{8C1D5DE7-80B6-4510-BB64-9F271F0E3C37}.Release_de.ActiveCfg = Release|Win32
		{8C1D5DE7-80B6-4510-BB64-9F271F0E3C37}.Release_de.Build.0 = Release|Win32
		{8C1D5DE7-80B6-4510-BB64-9F271F0E3C37}.Release_en.ActiveCfg = Release|Win32
		{8C1D5DE7-80B6-4510-BB64-9F271F0E3C37}.Release_en.Build.0 = Release|Win32
		{5EAE4FD1-DCD7-4CE8-A988-1700249BBF04}.Debug.ActiveCfg = Debug|Win32
		{5EAE4FD1-DCD7-4CE8-A988-1700249BBF04}.Debug.Build.0 = Debug|Win32
		{5EAE4FD1-DCD7-4CE8-A988-1700249BBF04}.Release.ActiveCfg = Release|Win32
		{5EAE4FD1-DCD7-4CE8-A988-1700249BBF04}.Release.Build.0 = Release|Win32
		{5EAE4FD1-DCD7-4CE8-A988-1700249BBF04}.Release_aes_de.ActiveCfg = Release|Win32
		{5EAE4FD1-DCD7-4CE8-A988-1700249BBF04}.Release_aes_de.Build.0 = Release|Win32
		{5EAE4FD1-DCD7-4CE8-A988-1700249BBF04}.Release_aes_en.ActiveCfg = Release|Win32
		{5EAE4FD1-DCD7-4CE8-A988-1700249BBF04}.Release_aes_en.Build.0 = Release|Win32
		{5EAE4FD1-DCD7-4CE8-A988-1700249BBF04}.Release_de.ActiveCfg = Release|Win32
		{5EAE4FD1-DCD7-4CE8-A988-1700249BBF04}.Release_de.Build.0 = Release|Win32
		{5EAE4FD1-DCD7-4CE8-A988-1700249BBF04}.Release_en.ActiveCfg = Release|Win32
		{5EAE4FD1-DCD7-4CE8-A988-1700249BBF04}.Release_en.Build.0 = Release|Win32
		{F286CFE4-BAB4-4D08-81B0-7CBB555E728E}.Debug.ActiveCfg = Debug|Win32
		{F286CFE4-BAB4-4D08-81B0-7CBB555E728E}.Debug.Build.0 = Debug|Win32
		{F286CFE4-BAB4-4D08-81B0-7CBB555E728E}.Release.ActiveCfg = Release|Win32
		{F286CFE4-BAB4-4D08-81B0-7CBB555E728E}.Release.Build.0 = Release|Win32
		{F286CFE4-BAB4-4D08-81B0-7CBB555E728E}.Release_aes_de.ActiveCfg = Release|Win32
		{F286CFE4-BAB4-4D08-81B0-7CBB555E728E}.Release_aes_de.Build.0 = Release|Win32
		{F286CFE4-BAB4-4D08-81B0-7CBB555E728E}.Release_aes_en.ActiveCfg = Release|Win32
		{F286CFE4-BAB4-4D08-81B0-7CBB555E728E}.Release_aes_en.Build.0 = Release|Win32
		{F286CFE4-BAB4-4D08-81B0-7CBB555E728E}.Release_de.ActiveCfg = Release|Win32
		{F286CFE4-BAB4-4D08-81B0-7CBB555E728E}.Release_de.Build.0 = Release|Win32
		{F286CFE4-BAB4-4D08-81B0-7CBB555E728E}.Release_en.ActiveCfg = Release|Win32
		{F286CFE4-BAB4-4D08-81B0-7CBB555E728E}.Release_en.Build.0 = Release|Win32
		{3259C909-87A3-4DF2-9C47-F71417DCC0CB}.Debug.ActiveCfg = Debug|Win32
		{3259C909-87A3-4DF2-9C47-F71417DCC0CB}.Debug.Build.0 = Debug|Win32
		{3259C909-87A3-4DF2-9C47-F71417DCC0CB}.Release.ActiveCfg = Release|Win32
		{3259C909-87A3-4DF2-9C47-F71417DCC0CB}.Release.Build.0 = Release|Win32
		{3259C909-87A3-4DF2-9C47-F71417DCC0CB}.Release_aes_de.ActiveCfg = Release_aes_de|Win32
		{3259C909-87A3-4DF2-9C47-F71417DCC0CB}.Release_aes_de.Build.0 = Release_aes_de|Win32
		{3259C909-87A3-4DF2-9C47-F71417DCC0CB}.Release_aes_en.ActiveCfg = Release_aes_en|Win32
		{3259C909-87A3-4DF2-9C47-F71417DCC0CB}.Release_aes_en.Build.0 = Release_aes_en|Win32
		{3259C909-87A3-4DF2-9C47-F71417DCC0CB}.Release_de.ActiveCfg = Release_aes_de|Win32
		{3259C909-87A3-4DF2-9C47-F71417DCC0CB}.Release_de.Build.0 = Release_aes_de|Win32
		{3259C909-87A3-4DF2-9C47-F71417DCC0CB}.Release_en.ActiveCfg = Release_aes_en|Win32
		{3259C909-87A3-4DF2-9C47-F71417DCC0CB}.Release_en.Build.0 = Release_aes_en|Win32
		{69DC472B-0478-4027-B331-B85CF457392E}.Debug.ActiveCfg = Debug|Win32
		{69DC472B-0478-4027-B331-B85CF457392E}.Debug.Build.0 = Debug|Win32
		{69DC472B-0478-4027-B331-B85CF457392E}.Release.ActiveCfg = Release|Win32
		{69DC472B-0478-4027-B331-B85CF457392E}.Release.Build.0 = Release|Win32
		{69DC472B-0478-4027-B331-B85CF457392E}.Release_aes_de.ActiveCfg = Release_de|Win32
		{69DC472B-0478-4027-B331-B85CF457392E}.Release_aes_de.Build.0 = Release_de|Win32
		{69DC472B-0478-4027-B331-B85CF457392E}.Release_aes_en.ActiveCfg = Release_de|Win32
		{69DC472B-0478-4027-B331-B85CF457392E}.Release_aes_en.Build.0 = Release_de|Win32
		{69DC472B-0478-4027-B331-B85CF457392E}.Release_de.ActiveCfg = Release_de|Win32
		{69DC472B-0478-4027-B331-B85CF457392E}.Release_de.Build.0 = Release_de|Win32
		{69DC472B-0478-4027-B331-B85CF457392E}.Release_en.ActiveCfg = Release_en|Win32
		{69DC472B-0478-4027-B331-B85CF457392E}.Release_en.Build.0 = Release_en|Win32
		{B835E875-5E34-46B9-B507-D0462C92D87A}.Debug.ActiveCfg = Debug|Win32
		{B835E875-5E34-46B9-B507-D0462C92D87A}.Debug.Build.0 = Debug|Win32
		{B835E875-5E34-46B9-B507-D0462C92D87A}.Release.ActiveCfg = Release_de|Win32
		{B835E875-5E34-46B9-B507-D0462C92D87A}.Release.Build.0 = Release_de|Win32
		{B835E875-5E34-46B9-B507-D0462C92D87A}.Release_aes_de.ActiveCfg = Release_de|Win32
		{B835E875-5E34-46B9-B507-D0462C92D87A}.Release_aes_de.Build.0 = Release_de|Win32
		{B835E875-5E34-46B9-B507-D0462C92D87A}.Release_aes_en.ActiveCfg = Release_de|Win32
		{B835E875-5E34-46B9-B507-D0462C92D87A}.Release_aes_en.Build.0 = Release_de|Win32
		{B835E875-5E34-46B9-B507-D0462C92D87A}.Release_de.ActiveCfg = Release_de|Win32
		{B835E875-5E34-46B9-B507-D0462C92D87A}.Release_de.Build.0 = Release_de|Win32
		{B835E875-5E34-46B9-B507-D0462C92D87A}.Release_en.ActiveCfg = Release_de|Win32
		{B835E875-5E34-46B9-B507-D0462C92D87A}.Release_en.Build.0 = Release_de|Win32
		{9CED13EA-5C57-4CF0-AE58-AB590D533AD8}.Debug.ActiveCfg = Debug|Win32
		{9CED13EA-5C57-4CF0-AE58-AB590D533AD8}.Debug.Build.0 = Debug|Win32
		{9CED13EA-5C57-4CF0-AE58-AB590D533AD8}.Release.ActiveCfg = Release_en|Win32
		{9CED13EA-5C57-4CF0-AE58-AB590D533AD8}.Release.Build.0 = Release_en|Win32
		{9CED13EA-5C57-4CF0-AE58-AB590D533AD8}.Release_aes_de.ActiveCfg = Release_en|Win32
		{9CED13EA-5C57-4CF0-AE58-AB590D533AD8}.Release_aes_de.Build.0 = Release_en|Win32
		{9CED13EA-5C57-4CF0-AE58-AB590D533AD8}.Release_aes_en.ActiveCfg = Release_en|Win32
		{9CED13EA-5C57-4CF0-AE58-AB590D533AD8}.Release_aes_en.Build.0 = Release_en|Win32
		{9CED13EA-5C57-4CF0-AE58-AB590D533AD8}.Release_de.ActiveCfg = Release_en|Win32
		{9CED13EA-5C57-4CF0-AE58-AB590D533AD8}.Release_de.Build.0 = Release_en|Win32
		{9CED13EA-5C57-4CF0-AE58-AB590D533AD8}.Release_en.ActiveCfg = Release_en|Win32
		{9CED13EA-5C57-4CF0-AE58-AB590D533AD8}.Release_en.Build.0 = Release_en|Win32
		{D11F006A-BAEF-43B8-8EF6-FED5021E17F2}.Debug.ActiveCfg = Debug|Win32
		{D11F006A-BAEF-43B8-8EF6-FED5021E17F2}.Debug.Build.0 = Debug|Win32
		{D11F006A-BAEF-43B8-8EF6-FED5021E17F2}.Release.ActiveCfg = Release|Win32
		{D11F006A-BAEF-43B8-8EF6-FED5021E17F2}.Release.Build.0 = Release|Win32
		{D11F006A-BAEF-43B8-8EF6-FED5021E17F2}.Release_aes_de.ActiveCfg = Release|Win32
		{D11F006A-BAEF-43B8-8EF6-FED5021E17F2}.Release_aes_de.Build.0 = Release|Win32
		{D11F006A-BAEF-43B8-8EF6-FED5021E17F2}.Release_aes_en.ActiveCfg = Release|Win32
		{D11F006A-BAEF-43B8-8EF6-FED5021E17F2}.Release_aes_en.Build.0 = Release|Win32
		{D11F006A-BAEF-43B8-8EF6-FED5021E17F2}.Release_de.ActiveCfg = Release|Win32
		{D11F006A-BAEF-43B8-8EF6-FED5021E17F2}.Release_de.Build.0 = Release|Win32
		{D11F006A-BAEF-43B8-8EF6-FED5021E17F2}.Release_en.ActiveCfg = Release|Win32
		{D11F006A-BAEF-43B8-8EF6-FED5021E17F2}.Release_en.Build.0 = Release|Win32
	EndGlobalSection
	GlobalSection(ExtensibilityGlobals) = postSolution
	EndGlobalSection
	GlobalSection(ExtensibilityAddIns) = postSolution
	EndGlobalSection
EndGlobal
